dependencies:
  espressif/fmt:
    component_hash: 05c74b1a3769a20be6fdaccab7e99af8d86bd7fbb2f1fd0a256b165de0f73e88
    source:
      service_url: https://api.components.espressif.com/
      type: service
    version: 10.1.0~1
  espressif/led_strip:
    component_hash: 28c6509a727ef74925b372ed404772aeedf11cce10b78c3f69b3c66799095e2d
    source:
      service_url: https://api.components.espressif.com/
      type: service
    version: 2.5.5
  idf:
    component_hash: null
    source:
      type: idf
    version: 5.3.0
manifest_hash: 9d14529047331975bc9d5fee3996c7733b38fe2ca5b85fecda9a23bd8f6cf6f1
target: esp32c3
version: 1.0.0
