dependencies:
  espressif/fmt:
    component_hash: 05c74b1a3769a20be6fdaccab7e99af8d86bd7fbb2f1fd0a256b165de0f73e88
    source:
      service_url: https://api.components.espressif.com/
      type: service
    version: 10.1.0~1
  idf:
    component_hash: null
    source:
      type: idf
    version: 5.3.0
manifest_hash: aade845f3624ed6906632e348c51b1d8d7a312f2071942faf958537b4a5c9537
target: esp32c3
version: 1.0.0
